// !$*UTF8*$!
{
	archiveVersion = 1;
	classes = {
	};
	objectVersion = 46;
	objects = {

/* Begin PBXBuildFile section */
		842317B21CCE2717009E17A7 /* AppDelegate.swift in Sources */ = {isa = PBXBuildFile; fileRef = 842317B11CCE2717009E17A7 /* AppDelegate.swift */; };
		842317B41CCE2717009E17A7 /* QuizViewController.swift in Sources */ = {isa = PBXBuildFile; fileRef = 842317B31CCE2717009E17A7 /* QuizViewController.swift */; };
		842317B71CCE2717009E17A7 /* Main.storyboard in Resources */ = {isa = PBXBuildFile; fileRef = 842317B51CCE2717009E17A7 /* Main.storyboard */; };
		842317B91CCE2717009E17A7 /* Assets.xcassets in Resources */ = {isa = PBXBuildFile; fileRef = 842317B81CCE2717009E17A7 /* Assets.xcassets */; };
		842317BC1CCE2717009E17A7 /* LaunchScreen.storyboard in Resources */ = {isa = PBXBuildFile; fileRef = 842317BA1CCE2717009E17A7 /* LaunchScreen.storyboard */; };
		842317C51CCE2B1D009E17A7 /* SettingsViewController.swift in Sources */ = {isa = PBXBuildFile; fileRef = 842317C41CCE2B1D009E17A7 /* SettingsViewController.swift */; };
/* End PBXBuildFile section */

/* Begin PBXFileReference section */
		842317AE1CCE2717009E17A7 /* Flag Quiz.app */ = {isa = PBXFileReference; explicitFileType = wrapper.application; includeInIndex = 0; path = "Flag Quiz.app"; sourceTree = BUILT_PRODUCTS_DIR; };
		842317B11CCE2717009E17A7 /* AppDelegate.swift */ = {isa = PBXFileReference; lastKnownFileType = sourcecode.swift; path = AppDelegate.swift; sourceTree = "<group>"; };
		842317B31CCE2717009E17A7 /* QuizViewController.swift */ = {isa = PBXFileReference; lastKnownFileType = sourcecode.swift; path = QuizViewController.swift; sourceTree = "<group>"; };
		842317B61CCE2717009E17A7 /* Base */ = {isa = PBXFileReference; lastKnownFileType = file.storyboard; name = Base; path = Base.lproj/Main.storyboard; sourceTree = "<group>"; };
		842317B81CCE2717009E17A7 /* Assets.xcassets */ = {isa = PBXFileReference; lastKnownFileType = folder.assetcatalog; path = Assets.xcassets; sourceTree = "<group>"; };
		842317BB1CCE2717009E17A7 /* Base */ = {isa = PBXFileReference; lastKnownFileType = file.storyboard; name = Base; path = Base.lproj/LaunchScreen.storyboard; sourceTree = "<group>"; };
		842317BD1CCE2717009E17A7 /* Info.plist */ = {isa = PBXFileReference; lastKnownFileType = text.plist.xml; path = Info.plist; sourceTree = "<group>"; };
		842317C41CCE2B1D009E17A7 /* SettingsViewController.swift */ = {isa = PBXFileReference; fileEncoding = 4; lastKnownFileType = sourcecode.swift; path = SettingsViewController.swift; sourceTree = "<group>"; };
/* End PBXFileReference section */

/* Begin PBXFrameworksBuildPhase section */
		842317AB1CCE2717009E17A7 /* Frameworks */ = {
			isa = PBXFrameworksBuildPhase;
			buildActionMask = 2147483647;
			files = (
			);
			runOnlyForDeploymentPostprocessing = 0;
		};
/* End PBXFrameworksBuildPhase section */

/* Begin PBXGroup section */
		842317A51CCE2717009E17A7 = {
			isa = PBXGroup;
			children = (
				842317B01CCE2717009E17A7 /* Flag Quiz */,
				842317AF1CCE2717009E17A7 /* Products */,
			);
			sourceTree = "<group>";
		};
		842317AF1CCE2717009E17A7 /* Products */ = {
			isa = PBXGroup;
			children = (
				842317AE1CCE2717009E17A7 /* Flag Quiz.app */,
			);
			name = Products;
			sourceTree = "<group>";
		};
		842317B01CCE2717009E17A7 /* Flag Quiz */ = {
			isa = PBXGroup;
			children = (
				842317B31CCE2717009E17A7 /* QuizViewController.swift */,
				842317C41CCE2B1D009E17A7 /* SettingsViewController.swift */,
				842317B51CCE2717009E17A7 /* Main.storyboard */,
				842317C31CCE27BC009E17A7 /* Supporting Files */,
			);
			path = "Flag Quiz";
			sourceTree = "<group>";
		};
		842317C31CCE27BC009E17A7 /* Supporting Files */ = {
			isa = PBXGroup;
			children = (
				842317B11CCE2717009E17A7 /* AppDelegate.swift */,
				842317B81CCE2717009E17A7 /* Assets.xcassets */,
				842317BA1CCE2717009E17A7 /* LaunchScreen.storyboard */,
				842317BD1CCE2717009E17A7 /* Info.plist */,
			);
			name = "Supporting Files";
			sourceTree = "<group>";
		};
/* End PBXGroup section */

/* Begin PBXNativeTarget section */
		842317AD1CCE2717009E17A7 /* Flag Quiz */ = {
			isa = PBXNativeTarget;
			buildConfigurationList = 842317C01CCE2717009E17A7 /* Build configuration list for PBXNativeTarget "Flag Quiz" */;
			buildPhases = (
				842317AA1CCE2717009E17A7 /* Sources */,
				842317AB1CCE2717009E17A7 /* Frameworks */,
				842317AC1CCE2717009E17A7 /* Resources */,
			);
			buildRules = (
			);
			dependencies = (
			);
			name = "Flag Quiz";
			productName = "Flag Quiz";
			productReference = 842317AE1CCE2717009E17A7 /* Flag Quiz.app */;
			productType = "com.apple.product-type.application";
		};
/* End PBXNativeTarget section */

/* Begin PBXProject section */
		842317A61CCE2717009E17A7 /* Project object */ = {
			isa = PBXProject;
			attributes = {
				LastSwiftUpdateCheck = 0730;
				LastUpgradeCheck = 0730;
				ORGANIZATIONNAME = Morra;
				TargetAttributes = {
					842317AD1CCE2717009E17A7 = {
						CreatedOnToolsVersion = 7.3;
					};
				};
			};
			buildConfigurationList = 842317A91CCE2717009E17A7 /* Build configuration list for PBXProject "Flag Quiz" */;
			compatibilityVersion = "Xcode 3.2";
			developmentRegion = English;
			hasScannedForEncodings = 0;
			knownRegions = (
				en,
				Base,
			);
			mainGroup = 842317A51CCE2717009E17A7;
			productRefGroup = 842317AF1CCE2717009E17A7 /* Products */;
			projectDirPath = "";
			projectRoot = "";
			targets = (
				842317AD1CCE2717009E17A7 /* Flag Quiz */,
			);
		};
/* End PBXProject section */

/* Begin PBXResourcesBuildPhase section */
		842317AC1CCE2717009E17A7 /* Resources */ = {
			isa = PBXResourcesBuildPhase;
			buildActionMask = 2147483647;
			files = (
				842317BC1CCE2717009E17A7 /* LaunchScreen.storyboard in Resources */,
				842317B91CCE2717009E17A7 /* Assets.xcassets in Resources */,
				842317B71CCE2717009E17A7 /* Main.storyboard in Resources */,
			);
			runOnlyForDeploymentPostprocessing = 0;
		};
/* End PBXResourcesBuildPhase section */

/* Begin PBXSourcesBuildPhase section */
		842317AA1CCE2717009E17A7 /* Sources */ = {
			isa = PBXSourcesBuildPhase;
			buildActionMask = 2147483647;
			files = (
				842317B41CCE2717009E17A7 /* QuizViewController.swift in Sources */,
				842317B21CCE2717009E17A7 /* AppDelegate.swift in Sources */,
				842317C51CCE2B1D009E17A7 /* SettingsViewController.swift in Sources */,
			);
			runOnlyForDeploymentPostprocessing = 0;
		};
/* End PBXSourcesBuildPhase section */

/* Begin PBXVariantGroup section */
		842317B51CCE2717009E17A7 /* Main.storyboard */ = {
			isa = PBXVariantGroup;
			children = (
				842317B61CCE2717009E17A7 /* Base */,
			);
			name = Main.storyboard;
			sourceTree = "<group>";
		};
		842317BA1CCE2717009E17A7 /* LaunchScreen.storyboard */ = {
			isa = PBXVariantGroup;
			children = (
				842317BB1CCE2717009E17A7 /* Base */,
			);
			name = LaunchScreen.storyboard;
			sourceTree = "<group>";
		};
/* End PBXVariantGroup section */

/* Begin XCBuildConfiguration section */
		842317BE1CCE2717009E17A7 /* Debug */ = {
			isa = XCBuildConfiguration;
			buildSettings = {
				ALWAYS_SEARCH_USER_PATHS = NO;
				CLANG_ANALYZER_NONNULL = YES;
				CLANG_CXX_LANGUAGE_STANDARD = "gnu++0x";
				CLANG_CXX_LIBRARY = "libc++";
				CLANG_ENABLE_MODULES = YES;
				CLANG_ENABLE_OBJC_ARC = YES;
				CLANG_WARN_BOOL_CONVERSION = YES;
				CLANG_WARN_CONSTANT_CONVERSION = YES;
				CLANG_WARN_DIRECT_OBJC_ISA_USAGE = YES_ERROR;
				CLANG_WARN_EMPTY_BODY = YES;
				CLANG_WARN_ENUM_CONVERSION = YES;
				CLANG_WARN_INT_CONVERSION = YES;
				CLANG_WARN_OBJC_ROOT_CLASS = YES_ERROR;
				CLANG_WARN_UNREACHABLE_CODE = YES;
				CLANG_WARN__DUPLICATE_METHOD_MATCH = YES;
				"CODE_SIGN_IDENTITY[sdk=iphoneos*]" = "iPhone Developer";
				COPY_PHASE_STRIP = NO;
				DEBUG_INFORMATION_FORMAT = dwarf;
				ENABLE_STRICT_OBJC_MSGSEND = YES;
				ENABLE_TESTABILITY = YES;
				GCC_C_LANGUAGE_STANDARD = gnu99;
				GCC_DYNAMIC_NO_PIC = NO;
				GCC_NO_COMMON_BLOCKS = YES;
				GCC_OPTIMIZATION_LEVEL = 0;
				GCC_PREPROCESSOR_DEFINITIONS = (
					"DEBUG=1",
					"$(inherited)",
				);
				GCC_WARN_64_TO_32_BIT_CONVERSION = YES;
				GCC_WARN_ABOUT_RETURN_TYPE = YES_ERROR;
				GCC_WARN_UNDECLARED_SELECTOR = YES;
				GCC_WARN_UNINITIALIZED_AUTOS = YES_AGGRESSIVE;
				GCC_WARN_UNUSED_FUNCTION = YES;
				GCC_WARN_UNUSED_VARIABLE = YES;
				IPHONEOS_DEPLOYMENT_TARGET = 9.3;
				MTL_ENABLE_DEBUG_INFO = YES;
				ONLY_ACTIVE_ARCH = YES;
				SDKROOT = iphoneos;
				SWIFT_OPTIMIZATION_LEVEL = "-Onone";
				TARGETED_DEVICE_FAMILY = "1,2";
			};
			name = Debug;
		};
		842317BF1CCE2717009E17A7 /* Release */ = {
			isa = XCBuildConfiguration;
			buildSettings = {
				ALWAYS_SEARCH_USER_PATHS = NO;
				CLANG_ANALYZER_NONNULL = YES;
				CLANG_CXX_LANGUAGE_STANDARD = "gnu++0x";
				CLANG_CXX_LIBRARY = "libc++";
				CLANG_ENABLE_MODULES = YES;
				CLANG_ENABLE_OBJC_ARC = YES;
				CLANG_WARN_BOOL_CONVERSION = YES;
				CLANG_WARN_CONSTANT_CONVERSION = YES;
				CLANG_WARN_DIRECT_OBJC_ISA_USAGE = YES_ERROR;
				CLANG_WARN_EMPTY_BODY = YES;
				CLANG_WARN_ENUM_CONVERSION = YES;
				CLANG_WARN_INT_CONVERSION = YES;
				CLANG_WARN_OBJC_ROOT_CLASS = YES_ERROR;
				CLANG_WARN_UNREACHABLE_CODE = YES;
				CLANG_WARN__DUPLICATE_METHOD_MATCH = YES;
				"CODE_SIGN_IDENTITY[sdk=iphoneos*]" = "iPhone Developer";
				COPY_PHASE_STRIP = NO;
				DEBUG_INFORMATION_FORMAT = "dwarf-with-dsym";
				ENABLE_NS_ASSERTIONS = NO;
				ENABLE_STRICT_OBJC_MSGSEND = YES;
				GCC_C_LANGUAGE_STANDARD = gnu99;
				GCC_NO_COMMON_BLOCKS = YES;
				GCC_WARN_64_TO_32_BIT_CONVERSION = YES;
				GCC_WARN_ABOUT_RETURN_TYPE = YES_ERROR;
				GCC_WARN_UNDECLARED_SELECTOR = YES;
				GCC_WARN_UNINITIALIZED_AUTOS = YES_AGGRESSIVE;
				GCC_WARN_UNUSED_FUNCTION = YES;
				GCC_WARN_UNUSED_VARIABLE = YES;
				IPHONEOS_DEPLOYMENT_TARGET = 9.3;
				MTL_ENABLE_DEBUG_INFO = NO;
				SDKROOT = iphoneos;
				TARGETED_DEVICE_FAMILY = "1,2";
				VALIDATE_PRODUCT = YES;
			};
			name = Release;
		};
		842317C11CCE2717009E17A7 /* Debug */ = {
			isa = XCBuildConfiguration;
			buildSettings = {
				ASSETCATALOG_COMPILER_APPICON_NAME = AppIcon;
				INFOPLIST_FILE = "Flag Quiz/Info.plist";
				LD_RUNPATH_SEARCH_PATHS = "$(inherited) @executable_path/Frameworks";
				PRODUCT_BUNDLE_IDENTIFIER = "com.morra.Flag-Quiz";
				PRODUCT_NAME = "$(TARGET_NAME)";
			};
			name = Debug;
		};
		842317C21CCE2717009E17A7 /* Release */ = {
			isa = XCBuildConfiguration;
			buildSettings = {
				ASSETCATALOG_COMPILER_APPICON_NAME = AppIcon;
				INFOPLIST_FILE = "Flag Quiz/Info.plist";
				LD_RUNPATH_SEARCH_PATHS = "$(inherited) @executable_path/Frameworks";
				PRODUCT_BUNDLE_IDENTIFIER = "com.morra.Flag-Quiz";
				PRODUCT_NAME = "$(TARGET_NAME)";
			};
			name = Release;
		};
/* End XCBuildConfiguration section */

/* Begin XCConfigurationList section */
		842317A91CCE2717009E17A7 /* Build configuration list for PBXProject "Flag Quiz" */ = {
			isa = XCConfigurationList;
			buildConfigurations = (
				842317BE1CCE2717009E17A7 /* Debug */,
				842317BF1CCE2717009E17A7 /* Release */,
			);
			defaultConfigurationIsVisible = 0;
			defaultConfigurationName = Release;
		};
		842317C01CCE2717009E17A7 /* Build configuration list for PBXNativeTarget "Flag Quiz" */ = {
			isa = XCConfigurationList;
			buildConfigurations = (
				842317C11CCE2717009E17A7 /* Debug */,
				842317C21CCE2717009E17A7 /* Release */,
			);
			defaultConfigurationIsVisible = 0;
		};
/* End XCConfigurationList section */
	};
	rootObject = 842317A61CCE2717009E17A7 /* Project object */;
}
